// !$*UTF8*$!
{
	archiveVersion = 1;
	classes = {
	};
	objectVersion = 50;
	objects = {

/* Begin PBXFileReference section */
		2A1C15BF26B72660003A9F91 /* ESP-HX711.ino */ = {isa = PBXFileReference; lastKnownFileType = text; name = "ESP-HX711.ino"; path = "ESP-HX711/ESP-HX711.ino"; sourceTree = "<group>"; };
		2A2591EF2756F810001CE4F1 /* ESP-Server */ = {isa = PBXFileReference; lastKnownFileType = folder; path = "ESP-Server"; sourceTree = "<group>"; };
		2A3335DD276EB605008C3E8A /* ESP-HX711-espnow */ = {isa = PBXFileReference; lastKnownFileType = folder; path = "ESP-HX711-espnow"; sourceTree = "<group>"; };
		2AC52F4F2C6717C400D1DBE7 /* pwa */ = {isa = PBXFileReference; lastKnownFileType = folder; path = pwa; sourceTree = "<group>"; };
/* End PBXFileReference section */

/* Begin PBXGroup section */
		2A1C15B826B7260C003A9F91 = {
			isa = PBXGroup;
			children = (
				2AC52F4F2C6717C400D1DBE7 /* pwa */,
				2A3335DD276EB605008C3E8A /* ESP-HX711-espnow */,
				2A2591EF2756F810001CE4F1 /* ESP-Server */,
				2A1C15BF26B72660003A9F91 /* ESP-HX711.ino */,
			);
			sourceTree = "<group>";
		};
/* End PBXGroup section */

/* Begin PBXProject section */
		2A1C15B926B7260C003A9F91 /* Project object */ = {
			isa = PBXProject;
			attributes = {
				LastUpgradeCheck = 1000;
			};
			buildConfigurationList = 2A1C15BC26B7260C003A9F91 /* Build configuration list for PBXProject "ESP8266-HX711" */;
			compatibilityVersion = "Xcode 9.3";
			developmentRegion = en;
			hasScannedForEncodings = 0;
			knownRegions = (
				en,
			);
			mainGroup = 2A1C15B826B7260C003A9F91;
			projectDirPath = "";
			projectRoot = "";
			targets = (
			);
		};
/* End PBXProject section */

/* Begin XCBuildConfiguration section */
		2A1C15BD26B7260C003A9F91 /* Debug */ = {
			isa = XCBuildConfiguration;
			buildSettings = {
			};
			name = Debug;
		};
		2A1C15BE26B7260C003A9F91 /* Release */ = {
			isa = XCBuildConfiguration;
			buildSettings = {
			};
			name = Release;
		};
/* End XCBuildConfiguration section */

/* Begin XCConfigurationList section */
		2A1C15BC26B7260C003A9F91 /* Build configuration list for PBXProject "ESP8266-HX711" */ = {
			isa = XCConfigurationList;
			buildConfigurations = (
				2A1C15BD26B7260C003A9F91 /* Debug */,
				2A1C15BE26B7260C003A9F91 /* Release */,
			);
			defaultConfigurationIsVisible = 0;
			defaultConfigurationName = Release;
		};
/* End XCConfigurationList section */
	};
	rootObject = 2A1C15B926B7260C003A9F91 /* Project object */;
}
